// !$*UTF8*$!
{
	archiveVersion = 1;
	classes = {
	};
	objectVersion = 56;
	objects = {

/* Begin PBXBuildFile section */
		55A2C92929D5C3F000C9E6EB /* AppDelegate.swift in Sources */ = {isa = PBXBuildFile; fileRef = 55A2C92829D5C3F000C9E6EB /* AppDelegate.swift */; };
		55A2C92B29D5C3F000C9E6EB /* SceneDelegate.swift in Sources */ = {isa = PBXBuildFile; fileRef = 55A2C92A29D5C3F000C9E6EB /* SceneDelegate.swift */; };
		55A2C92D29D5C3F000C9E6EB /* WatchListViewController.swift in Sources */ = {isa = PBXBuildFile; fileRef = 55A2C92C29D5C3F000C9E6EB /* WatchListViewController.swift */; };
		55A2C93229D5C3F200C9E6EB /* Assets.xcassets in Resources */ = {isa = PBXBuildFile; fileRef = 55A2C93129D5C3F200C9E6EB /* Assets.xcassets */; };
		55A2C93529D5C3F200C9E6EB /* LaunchScreen.storyboard in Resources */ = {isa = PBXBuildFile; fileRef = 55A2C93329D5C3F200C9E6EB /* LaunchScreen.storyboard */; };
		55A2C94229D5C9BD00C9E6EB /* APICaller.swift in Sources */ = {isa = PBXBuildFile; fileRef = 55A2C94129D5C9BD00C9E6EB /* APICaller.swift */; };
		55A2C94429D5C9DB00C9E6EB /* PersistenceManager.swift in Sources */ = {isa = PBXBuildFile; fileRef = 55A2C94329D5C9DB00C9E6EB /* PersistenceManager.swift */; };
		55A2C94629D5C9F600C9E6EB /* HapticsManager.swift in Sources */ = {isa = PBXBuildFile; fileRef = 55A2C94529D5C9F600C9E6EB /* HapticsManager.swift */; };
		55A2C94A29DA993700C9E6EB /* SearchResultViewController.swift in Sources */ = {isa = PBXBuildFile; fileRef = 55A2C94929DA993700C9E6EB /* SearchResultViewController.swift */; };
		55A2C94C29DA9E2600C9E6EB /* Extensions.swift in Sources */ = {isa = PBXBuildFile; fileRef = 55A2C94B29DA9E2600C9E6EB /* Extensions.swift */; };
		55A2C94E29DAA7A900C9E6EB /* SearchResultTableViewCell.swift in Sources */ = {isa = PBXBuildFile; fileRef = 55A2C94D29DAA7A900C9E6EB /* SearchResultTableViewCell.swift */; };
		55A2C95029DB2D0900C9E6EB /* SearchResponse.swift in Sources */ = {isa = PBXBuildFile; fileRef = 55A2C94F29DB2D0800C9E6EB /* SearchResponse.swift */; };
/* End PBXBuildFile section */

/* Begin PBXFileReference section */
		55A2C92529D5C3F000C9E6EB /* StocksApp.app */ = {isa = PBXFileReference; explicitFileType = wrapper.application; includeInIndex = 0; path = StocksApp.app; sourceTree = BUILT_PRODUCTS_DIR; };
		55A2C92829D5C3F000C9E6EB /* AppDelegate.swift */ = {isa = PBXFileReference; lastKnownFileType = sourcecode.swift; path = AppDelegate.swift; sourceTree = "<group>"; };
		55A2C92A29D5C3F000C9E6EB /* SceneDelegate.swift */ = {isa = PBXFileReference; lastKnownFileType = sourcecode.swift; path = SceneDelegate.swift; sourceTree = "<group>"; };
		55A2C92C29D5C3F000C9E6EB /* WatchListViewController.swift */ = {isa = PBXFileReference; lastKnownFileType = sourcecode.swift; path = WatchListViewController.swift; sourceTree = "<group>"; };
		55A2C93129D5C3F200C9E6EB /* Assets.xcassets */ = {isa = PBXFileReference; lastKnownFileType = folder.assetcatalog; path = Assets.xcassets; sourceTree = "<group>"; };
		55A2C93429D5C3F200C9E6EB /* Base */ = {isa = PBXFileReference; lastKnownFileType = file.storyboard; name = Base; path = Base.lproj/LaunchScreen.storyboard; sourceTree = "<group>"; };
		55A2C93629D5C3F200C9E6EB /* Info.plist */ = {isa = PBXFileReference; lastKnownFileType = text.plist.xml; path = Info.plist; sourceTree = "<group>"; };
		55A2C94129D5C9BD00C9E6EB /* APICaller.swift */ = {isa = PBXFileReference; lastKnownFileType = sourcecode.swift; path = APICaller.swift; sourceTree = "<group>"; };
		55A2C94329D5C9DB00C9E6EB /* PersistenceManager.swift */ = {isa = PBXFileReference; lastKnownFileType = sourcecode.swift; path = PersistenceManager.swift; sourceTree = "<group>"; };
		55A2C94529D5C9F600C9E6EB /* HapticsManager.swift */ = {isa = PBXFileReference; lastKnownFileType = sourcecode.swift; path = HapticsManager.swift; sourceTree = "<group>"; };
		55A2C94929DA993700C9E6EB /* SearchResultViewController.swift */ = {isa = PBXFileReference; lastKnownFileType = sourcecode.swift; path = SearchResultViewController.swift; sourceTree = "<group>"; };
		55A2C94B29DA9E2600C9E6EB /* Extensions.swift */ = {isa = PBXFileReference; lastKnownFileType = sourcecode.swift; path = Extensions.swift; sourceTree = "<group>"; };
		55A2C94D29DAA7A900C9E6EB /* SearchResultTableViewCell.swift */ = {isa = PBXFileReference; lastKnownFileType = sourcecode.swift; path = SearchResultTableViewCell.swift; sourceTree = "<group>"; };
		55A2C94F29DB2D0800C9E6EB /* SearchResponse.swift */ = {isa = PBXFileReference; lastKnownFileType = sourcecode.swift; path = SearchResponse.swift; sourceTree = "<group>"; };
/* End PBXFileReference section */

/* Begin PBXFrameworksBuildPhase section */
		55A2C92229D5C3F000C9E6EB /* Frameworks */ = {
			isa = PBXFrameworksBuildPhase;
			buildActionMask = 2147483647;
			files = (
			);
			runOnlyForDeploymentPostprocessing = 0;
		};
/* End PBXFrameworksBuildPhase section */

/* Begin PBXGroup section */
		55A2C91C29D5C3F000C9E6EB = {
			isa = PBXGroup;
			children = (
				55A2C92729D5C3F000C9E6EB /* StocksApp */,
				55A2C92629D5C3F000C9E6EB /* Products */,
			);
			sourceTree = "<group>";
		};
		55A2C92629D5C3F000C9E6EB /* Products */ = {
			isa = PBXGroup;
			children = (
				55A2C92529D5C3F000C9E6EB /* StocksApp.app */,
			);
			name = Products;
			sourceTree = "<group>";
		};
		55A2C92729D5C3F000C9E6EB /* StocksApp */ = {
			isa = PBXGroup;
			children = (
				55A2C93F29D5C51800C9E6EB /* Other */,
				55A2C93D29D5C50000C9E6EB /* Models */,
				55A2C93C29D5C4F700C9E6EB /* Views */,
				55A2C93E29D5C50500C9E6EB /* Controllers */,
				55A2C93629D5C3F200C9E6EB /* Info.plist */,
				55A2C94029D5C53600C9E6EB /* Products */,
			);
			path = StocksApp;
			sourceTree = "<group>";
		};
		55A2C93C29D5C4F700C9E6EB /* Views */ = {
			isa = PBXGroup;
			children = (
				55A2C93329D5C3F200C9E6EB /* LaunchScreen.storyboard */,
				55A2C94D29DAA7A900C9E6EB /* SearchResultTableViewCell.swift */,
			);
			path = Views;
			sourceTree = "<group>";
		};
		55A2C93D29D5C50000C9E6EB /* Models */ = {
			isa = PBXGroup;
			children = (
				55A2C94129D5C9BD00C9E6EB /* APICaller.swift */,
				55A2C94329D5C9DB00C9E6EB /* PersistenceManager.swift */,
				55A2C94529D5C9F600C9E6EB /* HapticsManager.swift */,
				55A2C94F29DB2D0800C9E6EB /* SearchResponse.swift */,
			);
			path = Models;
			sourceTree = "<group>";
		};
		55A2C93E29D5C50500C9E6EB /* Controllers */ = {
			isa = PBXGroup;
			children = (
				55A2C92C29D5C3F000C9E6EB /* WatchListViewController.swift */,
				55A2C94929DA993700C9E6EB /* SearchResultViewController.swift */,
			);
			path = Controllers;
			sourceTree = "<group>";
		};
		55A2C93F29D5C51800C9E6EB /* Other */ = {
			isa = PBXGroup;
			children = (
				55A2C93129D5C3F200C9E6EB /* Assets.xcassets */,
				55A2C92829D5C3F000C9E6EB /* AppDelegate.swift */,
				55A2C92A29D5C3F000C9E6EB /* SceneDelegate.swift */,
				55A2C94B29DA9E2600C9E6EB /* Extensions.swift */,
			);
			path = Other;
			sourceTree = "<group>";
		};
		55A2C94029D5C53600C9E6EB /* Products */ = {
			isa = PBXGroup;
			children = (
			);
			path = Products;
			sourceTree = "<group>";
		};
/* End PBXGroup section */

/* Begin PBXNativeTarget section */
		55A2C92429D5C3F000C9E6EB /* StocksApp */ = {
			isa = PBXNativeTarget;
			buildConfigurationList = 55A2C93929D5C3F200C9E6EB /* Build configuration list for PBXNativeTarget "StocksApp" */;
			buildPhases = (
				55A2C92129D5C3F000C9E6EB /* Sources */,
				55A2C92229D5C3F000C9E6EB /* Frameworks */,
				55A2C92329D5C3F000C9E6EB /* Resources */,
			);
			buildRules = (
			);
			dependencies = (
			);
			name = StocksApp;
			productName = StocksApp;
			productReference = 55A2C92529D5C3F000C9E6EB /* StocksApp.app */;
			productType = "com.apple.product-type.application";
		};
/* End PBXNativeTarget section */

/* Begin PBXProject section */
		55A2C91D29D5C3F000C9E6EB /* Project object */ = {
			isa = PBXProject;
			attributes = {
				BuildIndependentTargetsInParallel = 1;
				LastSwiftUpdateCheck = 1420;
				LastUpgradeCheck = 1420;
				TargetAttributes = {
					55A2C92429D5C3F000C9E6EB = {
						CreatedOnToolsVersion = 14.2;
					};
				};
			};
			buildConfigurationList = 55A2C92029D5C3F000C9E6EB /* Build configuration list for PBXProject "StocksApp" */;
			compatibilityVersion = "Xcode 14.0";
			developmentRegion = en;
			hasScannedForEncodings = 0;
			knownRegions = (
				en,
				Base,
			);
			mainGroup = 55A2C91C29D5C3F000C9E6EB;
			productRefGroup = 55A2C92629D5C3F000C9E6EB /* Products */;
			projectDirPath = "";
			projectRoot = "";
			targets = (
				55A2C92429D5C3F000C9E6EB /* StocksApp */,
			);
		};
/* End PBXProject section */

/* Begin PBXResourcesBuildPhase section */
		55A2C92329D5C3F000C9E6EB /* Resources */ = {
			isa = PBXResourcesBuildPhase;
			buildActionMask = 2147483647;
			files = (
				55A2C93529D5C3F200C9E6EB /* LaunchScreen.storyboard in Resources */,
				55A2C93229D5C3F200C9E6EB /* Assets.xcassets in Resources */,
			);
			runOnlyForDeploymentPostprocessing = 0;
		};
/* End PBXResourcesBuildPhase section */

/* Begin PBXSourcesBuildPhase section */
		55A2C92129D5C3F000C9E6EB /* Sources */ = {
			isa = PBXSourcesBuildPhase;
			buildActionMask = 2147483647;
			files = (
				55A2C94629D5C9F600C9E6EB /* HapticsManager.swift in Sources */,
				55A2C94A29DA993700C9E6EB /* SearchResultViewController.swift in Sources */,
				55A2C92D29D5C3F000C9E6EB /* WatchListViewController.swift in Sources */,
				55A2C94C29DA9E2600C9E6EB /* Extensions.swift in Sources */,
				55A2C94429D5C9DB00C9E6EB /* PersistenceManager.swift in Sources */,
				55A2C92929D5C3F000C9E6EB /* AppDelegate.swift in Sources */,
				55A2C95029DB2D0900C9E6EB /* SearchResponse.swift in Sources */,
				55A2C92B29D5C3F000C9E6EB /* SceneDelegate.swift in Sources */,
				55A2C94229D5C9BD00C9E6EB /* APICaller.swift in Sources */,
				55A2C94E29DAA7A900C9E6EB /* SearchResultTableViewCell.swift in Sources */,
			);
			runOnlyForDeploymentPostprocessing = 0;
		};
/* End PBXSourcesBuildPhase section */

/* Begin PBXVariantGroup section */
		55A2C93329D5C3F200C9E6EB /* LaunchScreen.storyboard */ = {
			isa = PBXVariantGroup;
			children = (
				55A2C93429D5C3F200C9E6EB /* Base */,
			);
			name = LaunchScreen.storyboard;
			sourceTree = "<group>";
		};
/* End PBXVariantGroup section */

/* Begin XCBuildConfiguration section */
		55A2C93729D5C3F200C9E6EB /* Debug */ = {
			isa = XCBuildConfiguration;
			buildSettings = {
				ALWAYS_SEARCH_USER_PATHS = NO;
				CLANG_ANALYZER_NONNULL = YES;
				CLANG_ANALYZER_NUMBER_OBJECT_CONVERSION = YES_AGGRESSIVE;
				CLANG_CXX_LANGUAGE_STANDARD = "gnu++20";
				CLANG_ENABLE_MODULES = YES;
				CLANG_ENABLE_OBJC_ARC = YES;
				CLANG_ENABLE_OBJC_WEAK = YES;
				CLANG_WARN_BLOCK_CAPTURE_AUTORELEASING = YES;
				CLANG_WARN_BOOL_CONVERSION = YES;
				CLANG_WARN_COMMA = YES;
				CLANG_WARN_CONSTANT_CONVERSION = YES;
				CLANG_WARN_DEPRECATED_OBJC_IMPLEMENTATIONS = YES;
				CLANG_WARN_DIRECT_OBJC_ISA_USAGE = YES_ERROR;
				CLANG_WARN_DOCUMENTATION_COMMENTS = YES;
				CLANG_WARN_EMPTY_BODY = YES;
				CLANG_WARN_ENUM_CONVERSION = YES;
				CLANG_WARN_INFINITE_RECURSION = YES;
				CLANG_WARN_INT_CONVERSION = YES;
				CLANG_WARN_NON_LITERAL_NULL_CONVERSION = YES;
				CLANG_WARN_OBJC_IMPLICIT_RETAIN_SELF = YES;
				CLANG_WARN_OBJC_LITERAL_CONVERSION = YES;
				CLANG_WARN_OBJC_ROOT_CLASS = YES_ERROR;
				CLANG_WARN_QUOTED_INCLUDE_IN_FRAMEWORK_HEADER = YES;
				CLANG_WARN_RANGE_LOOP_ANALYSIS = YES;
				CLANG_WARN_STRICT_PROTOTYPES = YES;
				CLANG_WARN_SUSPICIOUS_MOVE = YES;
				CLANG_WARN_UNGUARDED_AVAILABILITY = YES_AGGRESSIVE;
				CLANG_WARN_UNREACHABLE_CODE = YES;
				CLANG_WARN__DUPLICATE_METHOD_MATCH = YES;
				COPY_PHASE_STRIP = NO;
				DEBUG_INFORMATION_FORMAT = dwarf;
				ENABLE_STRICT_OBJC_MSGSEND = YES;
				ENABLE_TESTABILITY = YES;
				GCC_C_LANGUAGE_STANDARD = gnu11;
				GCC_DYNAMIC_NO_PIC = NO;
				GCC_NO_COMMON_BLOCKS = YES;
				GCC_OPTIMIZATION_LEVEL = 0;
				GCC_PREPROCESSOR_DEFINITIONS = (
					"DEBUG=1",
					"$(inherited)",
				);
				GCC_WARN_64_TO_32_BIT_CONVERSION = YES;
				GCC_WARN_ABOUT_RETURN_TYPE = YES_ERROR;
				GCC_WARN_UNDECLARED_SELECTOR = YES;
				GCC_WARN_UNINITIALIZED_AUTOS = YES_AGGRESSIVE;
				GCC_WARN_UNUSED_FUNCTION = YES;
				GCC_WARN_UNUSED_VARIABLE = YES;
				IPHONEOS_DEPLOYMENT_TARGET = 16.2;
				MTL_ENABLE_DEBUG_INFO = INCLUDE_SOURCE;
				MTL_FAST_MATH = YES;
				ONLY_ACTIVE_ARCH = YES;
				SDKROOT = iphoneos;
				SWIFT_ACTIVE_COMPILATION_CONDITIONS = DEBUG;
				SWIFT_OPTIMIZATION_LEVEL = "-Onone";
			};
			name = Debug;
		};
		55A2C93829D5C3F200C9E6EB /* Release */ = {
			isa = XCBuildConfiguration;
			buildSettings = {
				ALWAYS_SEARCH_USER_PATHS = NO;
				CLANG_ANALYZER_NONNULL = YES;
				CLANG_ANALYZER_NUMBER_OBJECT_CONVERSION = YES_AGGRESSIVE;
				CLANG_CXX_LANGUAGE_STANDARD = "gnu++20";
				CLANG_ENABLE_MODULES = YES;
				CLANG_ENABLE_OBJC_ARC = YES;
				CLANG_ENABLE_OBJC_WEAK = YES;
				CLANG_WARN_BLOCK_CAPTURE_AUTORELEASING = YES;
				CLANG_WARN_BOOL_CONVERSION = YES;
				CLANG_WARN_COMMA = YES;
				CLANG_WARN_CONSTANT_CONVERSION = YES;
				CLANG_WARN_DEPRECATED_OBJC_IMPLEMENTATIONS = YES;
				CLANG_WARN_DIRECT_OBJC_ISA_USAGE = YES_ERROR;
				CLANG_WARN_DOCUMENTATION_COMMENTS = YES;
				CLANG_WARN_EMPTY_BODY = YES;
				CLANG_WARN_ENUM_CONVERSION = YES;
				CLANG_WARN_INFINITE_RECURSION = YES;
				CLANG_WARN_INT_CONVERSION = YES;
				CLANG_WARN_NON_LITERAL_NULL_CONVERSION = YES;
				CLANG_WARN_OBJC_IMPLICIT_RETAIN_SELF = YES;
				CLANG_WARN_OBJC_LITERAL_CONVERSION = YES;
				CLANG_WARN_OBJC_ROOT_CLASS = YES_ERROR;
				CLANG_WARN_QUOTED_INCLUDE_IN_FRAMEWORK_HEADER = YES;
				CLANG_WARN_RANGE_LOOP_ANALYSIS = YES;
				CLANG_WARN_STRICT_PROTOTYPES = YES;
				CLANG_WARN_SUSPICIOUS_MOVE = YES;
				CLANG_WARN_UNGUARDED_AVAILABILITY = YES_AGGRESSIVE;
				CLANG_WARN_UNREACHABLE_CODE = YES;
				CLANG_WARN__DUPLICATE_METHOD_MATCH = YES;
				COPY_PHASE_STRIP = NO;
				DEBUG_INFORMATION_FORMAT = "dwarf-with-dsym";
				ENABLE_NS_ASSERTIONS = NO;
				ENABLE_STRICT_OBJC_MSGSEND = YES;
				GCC_C_LANGUAGE_STANDARD = gnu11;
				GCC_NO_COMMON_BLOCKS = YES;
				GCC_WARN_64_TO_32_BIT_CONVERSION = YES;
				GCC_WARN_ABOUT_RETURN_TYPE = YES_ERROR;
				GCC_WARN_UNDECLARED_SELECTOR = YES;
				GCC_WARN_UNINITIALIZED_AUTOS = YES_AGGRESSIVE;
				GCC_WARN_UNUSED_FUNCTION = YES;
				GCC_WARN_UNUSED_VARIABLE = YES;
				IPHONEOS_DEPLOYMENT_TARGET = 16.2;
				MTL_ENABLE_DEBUG_INFO = NO;
				MTL_FAST_MATH = YES;
				SDKROOT = iphoneos;
				SWIFT_COMPILATION_MODE = wholemodule;
				SWIFT_OPTIMIZATION_LEVEL = "-O";
				VALIDATE_PRODUCT = YES;
			};
			name = Release;
		};
		55A2C93A29D5C3F200C9E6EB /* Debug */ = {
			isa = XCBuildConfiguration;
			buildSettings = {
				ASSETCATALOG_COMPILER_APPICON_NAME = AppIcon;
				ASSETCATALOG_COMPILER_GLOBAL_ACCENT_COLOR_NAME = AccentColor;
				CODE_SIGN_STYLE = Automatic;
				CURRENT_PROJECT_VERSION = 1;
				DEVELOPMENT_TEAM = VJ2VF4KUF7;
				GENERATE_INFOPLIST_FILE = YES;
				INFOPLIST_FILE = StocksApp/Info.plist;
				INFOPLIST_KEY_UIApplicationSupportsIndirectInputEvents = YES;
				INFOPLIST_KEY_UILaunchStoryboardName = LaunchScreen;
				INFOPLIST_KEY_UIStatusBarStyle = "";
				INFOPLIST_KEY_UISupportedInterfaceOrientations_iPad = "UIInterfaceOrientationPortrait UIInterfaceOrientationPortraitUpsideDown UIInterfaceOrientationLandscapeLeft UIInterfaceOrientationLandscapeRight";
				INFOPLIST_KEY_UISupportedInterfaceOrientations_iPhone = "UIInterfaceOrientationPortrait UIInterfaceOrientationLandscapeLeft UIInterfaceOrientationLandscapeRight";
				LD_RUNPATH_SEARCH_PATHS = (
					"$(inherited)",
					"@executable_path/Frameworks",
				);
				MARKETING_VERSION = 1.0;
				PRODUCT_BUNDLE_IDENTIFIER = Jimmy.StocksApp;
				PRODUCT_NAME = "$(TARGET_NAME)";
				SWIFT_EMIT_LOC_STRINGS = YES;
				SWIFT_VERSION = 5.0;
				TARGETED_DEVICE_FAMILY = "1,2";
			};
			name = Debug;
		};
		55A2C93B29D5C3F200C9E6EB /* Release */ = {
			isa = XCBuildConfiguration;
			buildSettings = {
				ASSETCATALOG_COMPILER_APPICON_NAME = AppIcon;
				ASSETCATALOG_COMPILER_GLOBAL_ACCENT_COLOR_NAME = AccentColor;
				CODE_SIGN_STYLE = Automatic;
				CURRENT_PROJECT_VERSION = 1;
				DEVELOPMENT_TEAM = VJ2VF4KUF7;
				GENERATE_INFOPLIST_FILE = YES;
				INFOPLIST_FILE = StocksApp/Info.plist;
				INFOPLIST_KEY_UIApplicationSupportsIndirectInputEvents = YES;
				INFOPLIST_KEY_UILaunchStoryboardName = LaunchScreen;
				INFOPLIST_KEY_UIStatusBarStyle = "";
				INFOPLIST_KEY_UISupportedInterfaceOrientations_iPad = "UIInterfaceOrientationPortrait UIInterfaceOrientationPortraitUpsideDown UIInterfaceOrientationLandscapeLeft UIInterfaceOrientationLandscapeRight";
				INFOPLIST_KEY_UISupportedInterfaceOrientations_iPhone = "UIInterfaceOrientationPortrait UIInterfaceOrientationLandscapeLeft UIInterfaceOrientationLandscapeRight";
				LD_RUNPATH_SEARCH_PATHS = (
					"$(inherited)",
					"@executable_path/Frameworks",
				);
				MARKETING_VERSION = 1.0;
				PRODUCT_BUNDLE_IDENTIFIER = Jimmy.StocksApp;
				PRODUCT_NAME = "$(TARGET_NAME)";
				SWIFT_EMIT_LOC_STRINGS = YES;
				SWIFT_VERSION = 5.0;
				TARGETED_DEVICE_FAMILY = "1,2";
			};
			name = Release;
		};
/* End XCBuildConfiguration section */

/* Begin XCConfigurationList section */
		55A2C92029D5C3F000C9E6EB /* Build configuration list for PBXProject "StocksApp" */ = {
			isa = XCConfigurationList;
			buildConfigurations = (
				55A2C93729D5C3F200C9E6EB /* Debug */,
				55A2C93829D5C3F200C9E6EB /* Release */,
			);
			defaultConfigurationIsVisible = 0;
			defaultConfigurationName = Release;
		};
		55A2C93929D5C3F200C9E6EB /* Build configuration list for PBXNativeTarget "StocksApp" */ = {
			isa = XCConfigurationList;
			buildConfigurations = (
				55A2C93A29D5C3F200C9E6EB /* Debug */,
				55A2C93B29D5C3F200C9E6EB /* Release */,
			);
			defaultConfigurationIsVisible = 0;
			defaultConfigurationName = Release;
		};
/* End XCConfigurationList section */
	};
	rootObject = 55A2C91D29D5C3F000C9E6EB /* Project object */;
}
